
Microsoft Visual Studio Solution File, Format Version 12.00
# Visual Studio Version 17
VisualStudioVersion = 17.10.35027.167
MinimumVisualStudioVersion = 10.0.40219.1
Project("{FAE04EC0-301F-11D3-BF4B-00C04F79EFBC}") = "HaftaDortKapanis", "HaftaDortKapanis\HaftaDortKapanis.csproj", "{309A4863-5993-4744-8840-84CBCB34041E}"
EndProject
Global
	GlobalSection(SolutionConfigurationPlatforms) = preSolution
		Debug|Any CPU = Debug|Any CPU
		Release|Any CPU = Release|Any CPU
	EndGlobalSection
	GlobalSection(ProjectConfigurationPlatforms) = postSolution
		{309A4863-5993-4744-8840-84CBCB34041E}.Debug|Any CPU.ActiveCfg = Debug|Any CPU
		{309A4863-5993-4744-8840-84CBCB34041E}.Debug|Any CPU.Build.0 = Debug|Any CPU
		{309A4863-5993-4744-8840-84CBCB34041E}.Release|Any CPU.ActiveCfg = Release|Any CPU
		{309A4863-5993-4744-8840-84CBCB34041E}.Release|Any CPU.Build.0 = Release|Any CPU
	EndGlobalSection
	GlobalSection(SolutionProperties) = preSolution
		HideSolutionNode = FALSE
	EndGlobalSection
	GlobalSection(ExtensibilityGlobals) = postSolution
		SolutionGuid = {3B585937-28A5-4E01-B6D0-F5E8B831B901}
	EndGlobalSection
EndGlobal
